{
  "name": "test",
  "version": "1.0.0",
  "lockfileVersion": 1,
  "requires": true,
  "dependencies": {
    "ats-unit-testing": {
      "version": "git+http://ubuntu-netfu:3000/randy.valis/ats-unit-testing#87c949e637350ae4f528f990c240f0bfdb6b8c83",
      "from": "git+http://ubuntu-netfu:3000/randy.valis/ats-unit-testing"
    }
  }
}
